
Microsoft Visual Studio Solution File, Format Version 12.00
# Visual Studio Version 17
VisualStudioVersion = 17.1.32228.430
MinimumVisualStudioVersion = 10.0.40219.1
Project("{FAE04EC0-301F-11D3-BF4B-00C04F79EFBC}") = "MusaProject", "MusaProject\MusaProject.csproj", "{DFD62F7C-F595-4958-90A1-768E2B8E5300}"
EndProject
Project("{FAE04EC0-301F-11D3-BF4B-00C04F79EFBC}") = "Model.VVG", "Model.VVG\Model.VVG.csproj", "{DD157797-74CB-4A57-B0EB-9E80CD145C7F}"
EndProject
Project("{FAE04EC0-301F-11D3-BF4B-00C04F79EFBC}") = "REST.API.VVG", "REST.API.VVG\REST.API.VVG.csproj", "{574FA302-9BC4-47AF-A4B1-3FB8C5E04348}"
EndProject
Global
	GlobalSection(SolutionConfigurationPlatforms) = preSolution
		Debug|Any CPU = Debug|Any CPU
		Release|Any CPU = Release|Any CPU
	EndGlobalSection
	GlobalSection(ProjectConfigurationPlatforms) = postSolution
		{DFD62F7C-F595-4958-90A1-768E2B8E5300}.Debug|Any CPU.ActiveCfg = Debug|Any CPU
		{DFD62F7C-F595-4958-90A1-768E2B8E5300}.Debug|Any CPU.Build.0 = Debug|Any CPU
		{DFD62F7C-F595-4958-90A1-768E2B8E5300}.Release|Any CPU.ActiveCfg = Release|Any CPU
		{DFD62F7C-F595-4958-90A1-768E2B8E5300}.Release|Any CPU.Build.0 = Release|Any CPU
		{DD157797-74CB-4A57-B0EB-9E80CD145C7F}.Debug|Any CPU.ActiveCfg = Debug|Any CPU
		{DD157797-74CB-4A57-B0EB-9E80CD145C7F}.Debug|Any CPU.Build.0 = Debug|Any CPU
		{DD157797-74CB-4A57-B0EB-9E80CD145C7F}.Release|Any CPU.ActiveCfg = Release|Any CPU
		{DD157797-74CB-4A57-B0EB-9E80CD145C7F}.Release|Any CPU.Build.0 = Release|Any CPU
		{574FA302-9BC4-47AF-A4B1-3FB8C5E04348}.Debug|Any CPU.ActiveCfg = Debug|Any CPU
		{574FA302-9BC4-47AF-A4B1-3FB8C5E04348}.Debug|Any CPU.Build.0 = Debug|Any CPU
		{574FA302-9BC4-47AF-A4B1-3FB8C5E04348}.Release|Any CPU.ActiveCfg = Release|Any CPU
		{574FA302-9BC4-47AF-A4B1-3FB8C5E04348}.Release|Any CPU.Build.0 = Release|Any CPU
	EndGlobalSection
	GlobalSection(SolutionProperties) = preSolution
		HideSolutionNode = FALSE
	EndGlobalSection
	GlobalSection(ExtensibilityGlobals) = postSolution
		SolutionGuid = {5F91438D-F0A4-449C-994F-9195502B4E5A}
	EndGlobalSection
EndGlobal
